
Microsoft Visual Studio Solution File, Format Version 12.00
# Visual Studio Version 17
VisualStudioVersion = 17.10.35013.160
MinimumVisualStudioVersion = 10.0.40219.1
Project("{FAE04EC0-301F-11D3-BF4B-00C04F79EFBC}") = "CarFactory.Stock", "CarFactory.Stock\CarFactory.Stock.csproj", "{27A94B90-A15B-4F8A-97D9-803C2E4959AB}"
EndProject
Global
	GlobalSection(SolutionConfigurationPlatforms) = preSolution
		Debug|Any CPU = Debug|Any CPU
		Release|Any CPU = Release|Any CPU
	EndGlobalSection
	GlobalSection(ProjectConfigurationPlatforms) = postSolution
		{27A94B90-A15B-4F8A-97D9-803C2E4959AB}.Debug|Any CPU.ActiveCfg = Debug|Any CPU
		{27A94B90-A15B-4F8A-97D9-803C2E4959AB}.Debug|Any CPU.Build.0 = Debug|Any CPU
		{27A94B90-A15B-4F8A-97D9-803C2E4959AB}.Release|Any CPU.ActiveCfg = Release|Any CPU
		{27A94B90-A15B-4F8A-97D9-803C2E4959AB}.Release|Any CPU.Build.0 = Release|Any CPU
	EndGlobalSection
	GlobalSection(SolutionProperties) = preSolution
		HideSolutionNode = FALSE
	EndGlobalSection
	GlobalSection(ExtensibilityGlobals) = postSolution
		SolutionGuid = {39CFF486-AC79-4C82-A759-142CBC5CB258}
	EndGlobalSection
EndGlobal
